
Microsoft Visual Studio Solution File, Format Version 12.00
# Visual Studio Version 16
VisualStudioVersion = 16.0.30907.101
MinimumVisualStudioVersion = 10.0.40219.1
Project("{FAE04EC0-301F-11D3-BF4B-00C04F79EFBC}") = "AlgSorusu1", "AlgSorusu1\AlgSorusu1.csproj", "{CD3ECF48-409C-4D90-A475-AC2ED111753C}"
EndProject
Global
	GlobalSection(SolutionConfigurationPlatforms) = preSolution
		Debug|Any CPU = Debug|Any CPU
		Release|Any CPU = Release|Any CPU
	EndGlobalSection
	GlobalSection(ProjectConfigurationPlatforms) = postSolution
		{CD3ECF48-409C-4D90-A475-AC2ED111753C}.Debug|Any CPU.ActiveCfg = Debug|Any CPU
		{CD3ECF48-409C-4D90-A475-AC2ED111753C}.Debug|Any CPU.Build.0 = Debug|Any CPU
		{CD3ECF48-409C-4D90-A475-AC2ED111753C}.Release|Any CPU.ActiveCfg = Release|Any CPU
		{CD3ECF48-409C-4D90-A475-AC2ED111753C}.Release|Any CPU.Build.0 = Release|Any CPU
	EndGlobalSection
	GlobalSection(SolutionProperties) = preSolution
		HideSolutionNode = FALSE
	EndGlobalSection
	GlobalSection(ExtensibilityGlobals) = postSolution
		SolutionGuid = {3BCC0784-1C6A-4BD7-8E58-9A896588983C}
	EndGlobalSection
EndGlobal
